{
  "version": "5",
  "specifiers": {
    "jsr:@lapis-lang/zipper-grammar@*": "2.1.0"
  },
  "jsr": {
    "@lapis-lang/zipper-grammar@2.1.0": {
      "integrity": "6f8fd75888bbbefaa07a3f3706ff7db844d8d343fa58e55fb0ce9a6e599e0749"
    }
  },
  "workspace": {
    "dependencies": [
      "jsr:@lapis-lang/zipper-grammar@^2.2.0"
    ]
  }
}
