{
  "version": "5",
  "specifiers": {
    "jsr:@lapis-lang/zipper-grammar@*": "3.0.0",
    "jsr:@lapis-lang/zipper-grammar@3.0.0": "3.0.0"
  },
  "jsr": {
    "@lapis-lang/zipper-grammar@3.0.0": {
      "integrity": "4be5de2c09534f370af6c379a54c89d8505ca7ca04d23b3d484819e6dc2db6dc"
    }
  },
  "workspace": {
    "dependencies": [
      "jsr:@lapis-lang/zipper-grammar@3.0.0"
    ]
  }
}
