{
  "name": "lapis-lang",
  "version": "0.0.1",
  "lockfileVersion": 3,
  "requires": true,
  "packages": {
    "": {
      "name": "lapis-lang",
      "version": "0.0.1",
      "license": "MPL-2.0",
      "dependencies": {
        "@lapis-lang/derivative-parser": "github:lapis-lang/derivative-parser#v1.1.1",
        "@lapis-lang/pratt-parser": "github:lapis-lang/pratt-parser#v0.1.0"
      }
    },
    "node_modules/@lapis-lang/derivative-parser": {
      "version": "1.1.1",
      "resolved": "git+ssh://git@github.com/lapis-lang/derivative-parser.git#ddd5c385c4dc3be0d95878f471e46c8eb95631a2",
      "license": "MPL-2.0"
    },
    "node_modules/@lapis-lang/pratt-parser": {
      "version": "0.1.0",
      "resolved": "git+ssh://git@github.com/lapis-lang/pratt-parser.git#eba8e941b78ef13b05a06a410098c2b62364af03",
      "license": "MIT"
    }
  }
}
